
Microsoft Visual Studio Solution File, Format Version 12.00
# Visual Studio Version 17
VisualStudioVersion = 17.11.35327.3
MinimumVisualStudioVersion = 10.0.40219.1
Project("{9A19103F-16F7-4668-BE54-9A1E7A4F7556}") = "SD.pesel", "SD.pesel\SD.pesel.csproj", "{2DDE59EE-3AF6-4FE4-A387-2C26A44CC4C5}"
EndProject
Project("{FAE04EC0-301F-11D3-BF4B-00C04F79EFBC}") = "SD.pesel.Tests", "SD.pesel.Tests\SD.pesel.Tests.csproj", "{1E15D3FF-FB35-42DC-964E-8E91D0D677A4}"
EndProject
Global
	GlobalSection(SolutionConfigurationPlatforms) = preSolution
		Debug|Any CPU = Debug|Any CPU
		Release|Any CPU = Release|Any CPU
	EndGlobalSection
	GlobalSection(ProjectConfigurationPlatforms) = postSolution
		{2DDE59EE-3AF6-4FE4-A387-2C26A44CC4C5}.Debug|Any CPU.ActiveCfg = Debug|Any CPU
		{2DDE59EE-3AF6-4FE4-A387-2C26A44CC4C5}.Debug|Any CPU.Build.0 = Debug|Any CPU
		{2DDE59EE-3AF6-4FE4-A387-2C26A44CC4C5}.Release|Any CPU.ActiveCfg = Release|Any CPU
		{2DDE59EE-3AF6-4FE4-A387-2C26A44CC4C5}.Release|Any CPU.Build.0 = Release|Any CPU
		{1E15D3FF-FB35-42DC-964E-8E91D0D677A4}.Debug|Any CPU.ActiveCfg = Debug|Any CPU
		{1E15D3FF-FB35-42DC-964E-8E91D0D677A4}.Debug|Any CPU.Build.0 = Debug|Any CPU
		{1E15D3FF-FB35-42DC-964E-8E91D0D677A4}.Release|Any CPU.ActiveCfg = Release|Any CPU
		{1E15D3FF-FB35-42DC-964E-8E91D0D677A4}.Release|Any CPU.Build.0 = Release|Any CPU
	EndGlobalSection
	GlobalSection(SolutionProperties) = preSolution
		HideSolutionNode = FALSE
	EndGlobalSection
	GlobalSection(ExtensibilityGlobals) = postSolution
		SolutionGuid = {4ADC0E13-7460-4DD1-A3D6-D4730F99ED1E}
	EndGlobalSection
EndGlobal
